
Microsoft Visual Studio Solution File, Format Version 12.00
# Visual Studio Version 16
VisualStudioVersion = 16.0.29806.167
MinimumVisualStudioVersion = 10.0.40219.1
Project("{9A19103F-16F7-4668-BE54-9A1E7A4F7556}") = "Fase1", "Fase1\Fase1.csproj", "{942A8CF8-72B9-4E19-9199-B1003BF060AF}"
EndProject
Project("{FAE04EC0-301F-11D3-BF4B-00C04F79EFBC}") = "Fase2", "Fase2\Fase2.csproj", "{DDF05E9D-D3C8-4C97-B633-89484BB977F2}"
EndProject
Project("{FAE04EC0-301F-11D3-BF4B-00C04F79EFBC}") = "Fase3", "Fase3\Fase3.csproj", "{6A9489A8-6599-4F03-B4F9-0335901DB9FA}"
EndProject
Project("{FAE04EC0-301F-11D3-BF4B-00C04F79EFBC}") = "Fase4", "Fase4\Fase4.csproj", "{54DBE1EF-7CC5-4095-A16C-8A018ABC0CD7}"
EndProject
Global
	GlobalSection(SolutionConfigurationPlatforms) = preSolution
		Debug|Any CPU = Debug|Any CPU
		Release|Any CPU = Release|Any CPU
	EndGlobalSection
	GlobalSection(ProjectConfigurationPlatforms) = postSolution
		{942A8CF8-72B9-4E19-9199-B1003BF060AF}.Debug|Any CPU.ActiveCfg = Debug|Any CPU
		{942A8CF8-72B9-4E19-9199-B1003BF060AF}.Debug|Any CPU.Build.0 = Debug|Any CPU
		{942A8CF8-72B9-4E19-9199-B1003BF060AF}.Release|Any CPU.ActiveCfg = Release|Any CPU
		{942A8CF8-72B9-4E19-9199-B1003BF060AF}.Release|Any CPU.Build.0 = Release|Any CPU
		{DDF05E9D-D3C8-4C97-B633-89484BB977F2}.Debug|Any CPU.ActiveCfg = Debug|Any CPU
		{DDF05E9D-D3C8-4C97-B633-89484BB977F2}.Debug|Any CPU.Build.0 = Debug|Any CPU
		{DDF05E9D-D3C8-4C97-B633-89484BB977F2}.Release|Any CPU.ActiveCfg = Release|Any CPU
		{DDF05E9D-D3C8-4C97-B633-89484BB977F2}.Release|Any CPU.Build.0 = Release|Any CPU
		{6A9489A8-6599-4F03-B4F9-0335901DB9FA}.Debug|Any CPU.ActiveCfg = Debug|Any CPU
		{6A9489A8-6599-4F03-B4F9-0335901DB9FA}.Debug|Any CPU.Build.0 = Debug|Any CPU
		{6A9489A8-6599-4F03-B4F9-0335901DB9FA}.Release|Any CPU.ActiveCfg = Release|Any CPU
		{6A9489A8-6599-4F03-B4F9-0335901DB9FA}.Release|Any CPU.Build.0 = Release|Any CPU
		{54DBE1EF-7CC5-4095-A16C-8A018ABC0CD7}.Debug|Any CPU.ActiveCfg = Debug|Any CPU
		{54DBE1EF-7CC5-4095-A16C-8A018ABC0CD7}.Debug|Any CPU.Build.0 = Debug|Any CPU
		{54DBE1EF-7CC5-4095-A16C-8A018ABC0CD7}.Release|Any CPU.ActiveCfg = Release|Any CPU
		{54DBE1EF-7CC5-4095-A16C-8A018ABC0CD7}.Release|Any CPU.Build.0 = Release|Any CPU
	EndGlobalSection
	GlobalSection(SolutionProperties) = preSolution
		HideSolutionNode = FALSE
	EndGlobalSection
	GlobalSection(ExtensibilityGlobals) = postSolution
		SolutionGuid = {E96DB7FE-99BD-4CDA-8FF2-3EC881E08C7B}
	EndGlobalSection
EndGlobal
